
Microsoft Visual Studio Solution File, Format Version 12.00
# Visual Studio Version 17
VisualStudioVersion = 17.8.34525.116
MinimumVisualStudioVersion = 10.0.40219.1
Project("{C9674DCB-5085-4A16-B785-4C70DD1589BD}") = "staging to dw", "staging to dw.dtproj", "{BE74591D-31BD-4FB5-84EA-CD6545C4E6EA}"
EndProject
Global
	GlobalSection(SolutionConfigurationPlatforms) = preSolution
		Development|Default = Development|Default
	EndGlobalSection
	GlobalSection(ProjectConfigurationPlatforms) = postSolution
		{BE74591D-31BD-4FB5-84EA-CD6545C4E6EA}.Development|Default.ActiveCfg = Development
		{BE74591D-31BD-4FB5-84EA-CD6545C4E6EA}.Development|Default.Build.0 = Development
	EndGlobalSection
	GlobalSection(SolutionProperties) = preSolution
		HideSolutionNode = FALSE
	EndGlobalSection
	GlobalSection(ExtensibilityGlobals) = postSolution
		SolutionGuid = {D744FD16-2051-44F8-9F0D-2991695866B3}
	EndGlobalSection
EndGlobal
